// !$*UTF8*$!
{
	archiveVersion = 1;
	classes = {
	};
	objectVersion = 46;
	objects = {

/* Begin PBXBuildFile section */
		6B3BB43F1AE2032900273972 /* main.m in Sources */ = {isa = PBXBuildFile; fileRef = 6B3BB43E1AE2032900273972 /* main.m */; };
		6B3BB4471AE2036400273972 /* Dog.m in Sources */ = {isa = PBXBuildFile; fileRef = 6B3BB4461AE2036400273972 /* Dog.m */; };
		6B3BB44A1AE204FC00273972 /* Person.m in Sources */ = {isa = PBXBuildFile; fileRef = 6B3BB4491AE204FC00273972 /* Person.m */; };
/* End PBXBuildFile section */

/* Begin PBXCopyFilesBuildPhase section */
		6B3BB4391AE2032900273972 /* CopyFiles */ = {
			isa = PBXCopyFilesBuildPhase;
			buildActionMask = 2147483647;
			dstPath = /usr/share/man/man1/;
			dstSubfolderSpec = 0;
			files = (
			);
			runOnlyForDeploymentPostprocessing = 1;
		};
/* End PBXCopyFilesBuildPhase section */

/* Begin PBXFileReference section */
		6B3BB43B1AE2032900273972 /* CL_OC_Delegate */ = {isa = PBXFileReference; explicitFileType = "compiled.mach-o.executable"; includeInIndex = 0; path = CL_OC_Delegate; sourceTree = BUILT_PRODUCTS_DIR; };
		6B3BB43E1AE2032900273972 /* main.m */ = {isa = PBXFileReference; lastKnownFileType = sourcecode.c.objc; path = main.m; sourceTree = "<group>"; };
		6B3BB4451AE2036400273972 /* Dog.h */ = {isa = PBXFileReference; fileEncoding = 4; lastKnownFileType = sourcecode.c.h; path = Dog.h; sourceTree = "<group>"; };
		6B3BB4461AE2036400273972 /* Dog.m */ = {isa = PBXFileReference; fileEncoding = 4; lastKnownFileType = sourcecode.c.objc; path = Dog.m; sourceTree = "<group>"; };
		6B3BB4481AE204FC00273972 /* Person.h */ = {isa = PBXFileReference; fileEncoding = 4; lastKnownFileType = sourcecode.c.h; path = Person.h; sourceTree = "<group>"; };
		6B3BB4491AE204FC00273972 /* Person.m */ = {isa = PBXFileReference; fileEncoding = 4; lastKnownFileType = sourcecode.c.objc; path = Person.m; sourceTree = "<group>"; };
/* End PBXFileReference section */

/* Begin PBXFrameworksBuildPhase section */
		6B3BB4381AE2032900273972 /* Frameworks */ = {
			isa = PBXFrameworksBuildPhase;
			buildActionMask = 2147483647;
			files = (
			);
			runOnlyForDeploymentPostprocessing = 0;
		};
/* End PBXFrameworksBuildPhase section */

/* Begin PBXGroup section */
		6B3BB4321AE2032900273972 = {
			isa = PBXGroup;
			children = (
				6B3BB43D1AE2032900273972 /* CL_OC_Delegate */,
				6B3BB43C1AE2032900273972 /* Products */,
			);
			sourceTree = "<group>";
		};
		6B3BB43C1AE2032900273972 /* Products */ = {
			isa = PBXGroup;
			children = (
				6B3BB43B1AE2032900273972 /* CL_OC_Delegate */,
			);
			name = Products;
			sourceTree = "<group>";
		};
		6B3BB43D1AE2032900273972 /* CL_OC_Delegate */ = {
			isa = PBXGroup;
			children = (
				6B3BB43E1AE2032900273972 /* main.m */,
				6B3BB4451AE2036400273972 /* Dog.h */,
				6B3BB4461AE2036400273972 /* Dog.m */,
				6B3BB4481AE204FC00273972 /* Person.h */,
				6B3BB4491AE204FC00273972 /* Person.m */,
			);
			path = CL_OC_Delegate;
			sourceTree = "<group>";
		};
/* End PBXGroup section */

/* Begin PBXNativeTarget section */
		6B3BB43A1AE2032900273972 /* CL_OC_Delegate */ = {
			isa = PBXNativeTarget;
			buildConfigurationList = 6B3BB4421AE2032900273972 /* Build configuration list for PBXNativeTarget "CL_OC_Delegate" */;
			buildPhases = (
				6B3BB4371AE2032900273972 /* Sources */,
				6B3BB4381AE2032900273972 /* Frameworks */,
				6B3BB4391AE2032900273972 /* CopyFiles */,
			);
			buildRules = (
			);
			dependencies = (
			);
			name = CL_OC_Delegate;
			productName = CL_OC_Delegate;
			productReference = 6B3BB43B1AE2032900273972 /* CL_OC_Delegate */;
			productType = "com.apple.product-type.tool";
		};
/* End PBXNativeTarget section */

/* Begin PBXProject section */
		6B3BB4331AE2032900273972 /* Project object */ = {
			isa = PBXProject;
			attributes = {
				LastUpgradeCheck = 0630;
				ORGANIZATIONNAME = ChirsLian;
				TargetAttributes = {
					6B3BB43A1AE2032900273972 = {
						CreatedOnToolsVersion = 6.3;
					};
				};
			};
			buildConfigurationList = 6B3BB4361AE2032900273972 /* Build configuration list for PBXProject "CL_OC_Delegate" */;
			compatibilityVersion = "Xcode 3.2";
			developmentRegion = English;
			hasScannedForEncodings = 0;
			knownRegions = (
				en,
			);
			mainGroup = 6B3BB4321AE2032900273972;
			productRefGroup = 6B3BB43C1AE2032900273972 /* Products */;
			projectDirPath = "";
			projectRoot = "";
			targets = (
				6B3BB43A1AE2032900273972 /* CL_OC_Delegate */,
			);
		};
/* End PBXProject section */

/* Begin PBXSourcesBuildPhase section */
		6B3BB4371AE2032900273972 /* Sources */ = {
			isa = PBXSourcesBuildPhase;
			buildActionMask = 2147483647;
			files = (
				6B3BB44A1AE204FC00273972 /* Person.m in Sources */,
				6B3BB4471AE2036400273972 /* Dog.m in Sources */,
				6B3BB43F1AE2032900273972 /* main.m in Sources */,
			);
			runOnlyForDeploymentPostprocessing = 0;
		};
/* End PBXSourcesBuildPhase section */

/* Begin XCBuildConfiguration section */
		6B3BB4401AE2032900273972 /* Debug */ = {
			isa = XCBuildConfiguration;
			buildSettings = {
				ALWAYS_SEARCH_USER_PATHS = NO;
				CLANG_CXX_LANGUAGE_STANDARD = "gnu++0x";
				CLANG_CXX_LIBRARY = "libc++";
				CLANG_ENABLE_MODULES = YES;
				CLANG_ENABLE_OBJC_ARC = YES;
				CLANG_WARN_BOOL_CONVERSION = YES;
				CLANG_WARN_CONSTANT_CONVERSION = YES;
				CLANG_WARN_DIRECT_OBJC_ISA_USAGE = YES_ERROR;
				CLANG_WARN_EMPTY_BODY = YES;
				CLANG_WARN_ENUM_CONVERSION = YES;
				CLANG_WARN_INT_CONVERSION = YES;
				CLANG_WARN_OBJC_ROOT_CLASS = YES_ERROR;
				CLANG_WARN_UNREACHABLE_CODE = YES;
				CLANG_WARN__DUPLICATE_METHOD_MATCH = YES;
				COPY_PHASE_STRIP = NO;
				DEBUG_INFORMATION_FORMAT = dwarf;
				ENABLE_STRICT_OBJC_MSGSEND = YES;
				GCC_C_LANGUAGE_STANDARD = gnu99;
				GCC_DYNAMIC_NO_PIC = NO;
				GCC_NO_COMMON_BLOCKS = YES;
				GCC_OPTIMIZATION_LEVEL = 0;
				GCC_PREPROCESSOR_DEFINITIONS = (
					"DEBUG=1",
					"$(inherited)",
				);
				GCC_SYMBOLS_PRIVATE_EXTERN = NO;
				GCC_WARN_64_TO_32_BIT_CONVERSION = YES;
				GCC_WARN_ABOUT_RETURN_TYPE = YES_ERROR;
				GCC_WARN_UNDECLARED_SELECTOR = YES;
				GCC_WARN_UNINITIALIZED_AUTOS = YES_AGGRESSIVE;
				GCC_WARN_UNUSED_FUNCTION = YES;
				GCC_WARN_UNUSED_VARIABLE = YES;
				MACOSX_DEPLOYMENT_TARGET = 10.10;
				MTL_ENABLE_DEBUG_INFO = YES;
				ONLY_ACTIVE_ARCH = YES;
				SDKROOT = macosx;
			};
			name = Debug;
		};
		6B3BB4411AE2032900273972 /* Release */ = {
			isa = XCBuildConfiguration;
			buildSettings = {
				ALWAYS_SEARCH_USER_PATHS = NO;
				CLANG_CXX_LANGUAGE_STANDARD = "gnu++0x";
				CLANG_CXX_LIBRARY = "libc++";
				CLANG_ENABLE_MODULES = YES;
				CLANG_ENABLE_OBJC_ARC = YES;
				CLANG_WARN_BOOL_CONVERSION = YES;
				CLANG_WARN_CONSTANT_CONVERSION = YES;
				CLANG_WARN_DIRECT_OBJC_ISA_USAGE = YES_ERROR;
				CLANG_WARN_EMPTY_BODY = YES;
				CLANG_WARN_ENUM_CONVERSION = YES;
				CLANG_WARN_INT_CONVERSION = YES;
				CLANG_WARN_OBJC_ROOT_CLASS = YES_ERROR;
				CLANG_WARN_UNREACHABLE_CODE = YES;
				CLANG_WARN__DUPLICATE_METHOD_MATCH = YES;
				COPY_PHASE_STRIP = NO;
				DEBUG_INFORMATION_FORMAT = "dwarf-with-dsym";
				ENABLE_NS_ASSERTIONS = NO;
				ENABLE_STRICT_OBJC_MSGSEND = YES;
				GCC_C_LANGUAGE_STANDARD = gnu99;
				GCC_NO_COMMON_BLOCKS = YES;
				GCC_WARN_64_TO_32_BIT_CONVERSION = YES;
				GCC_WARN_ABOUT_RETURN_TYPE = YES_ERROR;
				GCC_WARN_UNDECLARED_SELECTOR = YES;
				GCC_WARN_UNINITIALIZED_AUTOS = YES_AGGRESSIVE;
				GCC_WARN_UNUSED_FUNCTION = YES;
				GCC_WARN_UNUSED_VARIABLE = YES;
				MACOSX_DEPLOYMENT_TARGET = 10.10;
				MTL_ENABLE_DEBUG_INFO = NO;
				SDKROOT = macosx;
			};
			name = Release;
		};
		6B3BB4431AE2032900273972 /* Debug */ = {
			isa = XCBuildConfiguration;
			buildSettings = {
				CLANG_ENABLE_OBJC_ARC = NO;
				PRODUCT_NAME = "$(TARGET_NAME)";
			};
			name = Debug;
		};
		6B3BB4441AE2032900273972 /* Release */ = {
			isa = XCBuildConfiguration;
			buildSettings = {
				CLANG_ENABLE_OBJC_ARC = NO;
				PRODUCT_NAME = "$(TARGET_NAME)";
			};
			name = Release;
		};
/* End XCBuildConfiguration section */

/* Begin XCConfigurationList section */
		6B3BB4361AE2032900273972 /* Build configuration list for PBXProject "CL_OC_Delegate" */ = {
			isa = XCConfigurationList;
			buildConfigurations = (
				6B3BB4401AE2032900273972 /* Debug */,
				6B3BB4411AE2032900273972 /* Release */,
			);
			defaultConfigurationIsVisible = 0;
			defaultConfigurationName = Release;
		};
		6B3BB4421AE2032900273972 /* Build configuration list for PBXNativeTarget "CL_OC_Delegate" */ = {
			isa = XCConfigurationList;
			buildConfigurations = (
				6B3BB4431AE2032900273972 /* Debug */,
				6B3BB4441AE2032900273972 /* Release */,
			);
			defaultConfigurationIsVisible = 0;
		};
/* End XCConfigurationList section */
	};
	rootObject = 6B3BB4331AE2032900273972 /* Project object */;
}
